// !$*UTF8*$!
{
	archiveVersion = 1;
	classes = {
	};
	objectVersion = 46;
	objects = {
/* Begin PBXBuildFile section */
		0207DA581B56EA530066E2B4 /* Images.xcassets in Resources */ = {isa = PBXBuildFile; fileRef = 0207DA571B56EA530066E2B4 /* Images.xcassets */; };
		0A064178EC6043CEBE585A56 /* CoreLocation.framework in Frameworks */ = {isa = PBXBuildFile; fileRef = 52FFDE13B0C74E05AA04C069 /* CoreLocation.framework */; };
		0A905517F283412CA1D33CE3 /* AFURLSessionManager.m in Sources */ = {isa = PBXBuildFile; fileRef = 1551B6ECD28943AD8410728E /* AFURLSessionManager.m */; };
		1D3623260D0F684500981E51 /* AppDelegate.m in Sources */ = {isa = PBXBuildFile; fileRef = 1D3623250D0F684500981E51 /* AppDelegate.m */; };
		1D4BCB7EF29F4CB2A6154A03 /* OneSignalPush.m in Sources */ = {isa = PBXBuildFile; fileRef = DE2BE609554D47A8A2A127B0 /* OneSignalPush.m */; };
		1D60589B0D05DD56006BFB54 /* main.m in Sources */ = {isa = PBXBuildFile; fileRef = 29B97316FDCFA39411CA2CEA /* main.m */; };
		1E0362E3C70B491994077A4E /* CordovaHttpPlugin.m in Sources */ = {isa = PBXBuildFile; fileRef = 6BBDDB914DD9402BBC435066 /* CordovaHttpPlugin.m */; };
		1E590E5AD1AA4DA0AE181D65 /* CDVWKProcessPoolFactory.m in Sources */ = {isa = PBXBuildFile; fileRef = D9A281827FC74F559AFFF001 /* CDVWKProcessPoolFactory.m */; };
		2C6FED3F50D249898D470731 /* AFHTTPSessionManager.m in Sources */ = {isa = PBXBuildFile; fileRef = ADDAECD3552E4AEE801D7AD0 /* AFHTTPSessionManager.m */; };
		2D0E5D1B8279477F90993679 /* CDVInAppBrowserNavigationController.m in Sources */ = {isa = PBXBuildFile; fileRef = 252E3143C7A84826BAF2DB17 /* CDVInAppBrowserNavigationController.m */; };
		2F775D0C74ED45D8BEEE2E17 /* SDNetworkActivityIndicator.m in Sources */ = {isa = PBXBuildFile; fileRef = 8177F7B483304A34AB28A673 /* SDNetworkActivityIndicator.m */; };
		301BF552109A68D80062928A /* libCordova.a in Frameworks */ = {isa = PBXBuildFile; fileRef = 301BF535109A57CC0062928A /* libCordova.a */; settings = {ATTRIBUTES = (Required, ); }; };
		301D1B95E2DC49C6A9D654C6 /* CDVUIInAppBrowser.m in Sources */ = {isa = PBXBuildFile; fileRef = E0C91F32A4844E6DA5EF3D22 /* CDVUIInAppBrowser.m */; };
		302D95F114D2391D003F00A1 /* MainViewController.m in Sources */ = {isa = PBXBuildFile; fileRef = 302D95EF14D2391D003F00A1 /* MainViewController.m */; };
		302D95F214D2391D003F00A1 /* MainViewController.xib in Resources */ = {isa = PBXBuildFile; fileRef = 302D95F014D2391D003F00A1 /* MainViewController.xib */; };
		3A40520376774DAA841A36D2 /* CDVCapture.m in Sources */ = {isa = PBXBuildFile; fileRef = 16020E9CF80F4E0EAFE114E4 /* CDVCapture.m */; };
		3CDB12AFBD7640C08D381AD0 /* AFURLRequestSerialization.m in Sources */ = {isa = PBXBuildFile; fileRef = 58E405ED8DB24C95A9D7C6D4 /* AFURLRequestSerialization.m */; };
		3D322D8ED5D445EAB52F913E /* CDVAssetLibraryFilesystem.m in Sources */ = {isa = PBXBuildFile; fileRef = 423E25E1BF8C45C59D912C57 /* CDVAssetLibraryFilesystem.m */; };
		460F12E056B44AA8A347D1A7 /* AVFoundation.framework in Frameworks */ = {isa = PBXBuildFile; fileRef = 76588948334447F2ACE5CF57 /* AVFoundation.framework */; };
		485EA6D7C854427EA964BAFC /* Social.framework in Frameworks */ = {isa = PBXBuildFile; fileRef = 470CA4979D43417F8CEF572E /* Social.framework */; settings = {ATTRIBUTES = (Weak, ); }; };
		4EC0E1A34FE24067BF6CE7FB /* IONAssetHandler.m in Sources */ = {isa = PBXBuildFile; fileRef = F800EFDA25F940CD835C69FD /* IONAssetHandler.m */; };
		4ED319A9351B4E68AF24EC92 /* CDVInAppBrowserOptions.m in Sources */ = {isa = PBXBuildFile; fileRef = BE6EDF8697884C789F70F107 /* CDVInAppBrowserOptions.m */; };
		53889FDBCBE440699F88B9D2 /* CDVFileTransfer.m in Sources */ = {isa = PBXBuildFile; fileRef = C3AD95B42EC648CAA58EA248 /* CDVFileTransfer.m */; };
		541634EA854543088E12D2F3 /* MessageUI.framework in Frameworks */ = {isa = PBXBuildFile; fileRef = 1A974989BCE745FAADCEDD27 /* MessageUI.framework */; settings = {ATTRIBUTES = (Weak, ); }; };
		5C7E9F3D28E4495B98694276 /* CDVViewController+SplashScreen.m in Sources */ = {isa = PBXBuildFile; fileRef = 3AC68D739F984FD391B3BD67 /* CDVViewController+SplashScreen.m */; };
		5DEF57A4B04D4F8788C5EE84 /* CDVSound.m in Sources */ = {isa = PBXBuildFile; fileRef = FD42E70C776E4DA791E0DBA4 /* CDVSound.m */; };
		5E53D181E738493DA9F4327E /* AFNetworkReachabilityManager.m in Sources */ = {isa = PBXBuildFile; fileRef = 2497EA55538B47B5A695F08D /* AFNetworkReachabilityManager.m */; };
		5F8C5268D23C436F9628545C /* SQLitePlugin.m in Sources */ = {isa = PBXBuildFile; fileRef = 7BCF5A2BA75D4023812E82E4 /* SQLitePlugin.m */; };
		6255A364F4D64F46B7A9203D /* Security.framework in Frameworks */ = {isa = PBXBuildFile; fileRef = 00520AA4FEA648A8AB93DB30 /* Security.framework */; };
		659A12AF33FB488A91B99BA7 /* CDVFile.m in Sources */ = {isa = PBXBuildFile; fileRef = BE38037FE63B45E4838AE48E /* CDVFile.m */; };
		66001456BF6D430498A0406F /* sqlite3.c in Sources */ = {isa = PBXBuildFile; fileRef = 3C1DDE0D55EF48DE9814AE3F /* sqlite3.c */; settings = {COMPILER_FLAGS = "-w -DSQLITE_THREADSAFE=1 -DSQLITE_DEFAULT_SYNCHRONOUS=3 -DSQLITE_DEFAULT_MEMSTATUS=0 -DSQLITE_OMIT_DECLTYPE -DSQLITE_OMIT_DEPRECATED -DSQLITE_OMIT_PROGRESS_CALLBACK -DSQLITE_OMIT_SHARED_CACHE -DSQLITE_TEMP_STORE=2 -DSQLITE_OMIT_LOAD_EXTENSION -DSQLITE_ENABLE_FTS3 -DSQLITE_ENABLE_FTS3_PARENTHESIS -DSQLITE_ENABLE_FTS4 -DSQLITE_ENABLE_RTREE -DSQLITE_DEFAULT_PAGE_SIZE=4096"; }; };
		6AFF5BF91D6E424B00AB3073 /* CDVLaunchScreen.storyboard in Resources */ = {isa = PBXBuildFile; fileRef = 6AFF5BF81D6E424B00AB3073 /* CDVLaunchScreen.storyboard */; };
		6BD5026A33D847098413846D /* CDVCapture.bundle in Resources */ = {isa = PBXBuildFile; fileRef = B55E9E65068D4F8F8B968F5D /* CDVCapture.bundle */; };
		703A6A59BDD04D97B150EF4C /* WebKit.framework in Frameworks */ = {isa = PBXBuildFile; fileRef = 408A122108EB48B3815E1195 /* WebKit.framework */; settings = {ATTRIBUTES = (Weak, ); }; };
		7118B0A60D6D4CDC8FC10D12 /* PSPDFThreadSafeMutableDictionary.m in Sources */ = {isa = PBXBuildFile; fileRef = E37DA82B12A342468C324326 /* PSPDFThreadSafeMutableDictionary.m */; settings = {COMPILER_FLAGS = "-w"; }; };
		74A97F4C42524524A5396FE0 /* CDVInAppBrowser.m in Sources */ = {isa = PBXBuildFile; fileRef = 0999586D2E9247F5B299DE01 /* CDVInAppBrowser.m */; };
		7A3D43110B5841F59ACA4314 /* CDVLocalFilesystem.m in Sources */ = {isa = PBXBuildFile; fileRef = 9E04E419FEFC498390F3AACD /* CDVLocalFilesystem.m */; };
		7EE6B2E862DC43908B6E7630 /* CDVWKWebViewEngine.m in Sources */ = {isa = PBXBuildFile; fileRef = 15244841D70344849B466A3E /* CDVWKWebViewEngine.m */; };
		7F98444BEC5241DF9DD353FE /* CDVJpegHeaderWriter.m in Sources */ = {isa = PBXBuildFile; fileRef = C0447ADCBAAC478A8BF62581 /* CDVJpegHeaderWriter.m */; };
		86DA04BED2314E50AB774DA7 /* CDVOrientation.m in Sources */ = {isa = PBXBuildFile; fileRef = ED1CC080AF2A4C33B38DAAD0 /* CDVOrientation.m */; };
		87980B22F8384FE3A62AD369 /* NSString+SSURLEncoding.m in Sources */ = {isa = PBXBuildFile; fileRef = 07A71DDE754A4094823FA620 /* NSString+SSURLEncoding.m */; };
		8C9ECF6ABF1E4046BB73BEBF /* TextResponseSerializer.m in Sources */ = {isa = PBXBuildFile; fileRef = 5D52C702AD194D0C8D40A293 /* TextResponseSerializer.m */; };
		908259EAC7DC499996A2B8E1 /* CDVCamera.m in Sources */ = {isa = PBXBuildFile; fileRef = 5E2B7417789A4506BBB448B5 /* CDVCamera.m */; };
		93167333891C4B7BA8E90778 /* SystemConfiguration.framework in Frameworks */ = {isa = PBXBuildFile; fileRef = 6C1967AD9DA94A85AA79A283 /* SystemConfiguration.framework */; };
		AC7D6F1F795D4D7D82E3CBC3 /* CDVWKInAppBrowserUIDelegate.m in Sources */ = {isa = PBXBuildFile; fileRef = 3BFDD681841540D68630C4A7 /* CDVWKInAppBrowserUIDelegate.m */; };
		ACBE84486C51444993B5761C /* CDVWKWebViewUIDelegate.m in Sources */ = {isa = PBXBuildFile; fileRef = EF6D1C583589411FB1E98D33 /* CDVWKWebViewUIDelegate.m */; };
		AF6EF9C78EE99F4F7333F044 /* libPods-Uploaded.a in Frameworks */ = {isa = PBXBuildFile; fileRef = EE582F476D64CB3F86D62F71 /* libPods-Uploaded.a */; };
		BC7B1F0F7ACB405F8970B5FD /* SocialSharing.m in Sources */ = {isa = PBXBuildFile; fileRef = 690323FF0FEB49BC9A75F332 /* SocialSharing.m */; };
		C158258274314D7EBEFE5F79 /* TextRequestSerializer.m in Sources */ = {isa = PBXBuildFile; fileRef = 98261BF1848A4120BFF67F11 /* TextRequestSerializer.m */; };
		C1A7A85D6E0A409AB33851EE /* CDVIonicKeyboard.m in Sources */ = {isa = PBXBuildFile; fileRef = D0920F6A827C4F3EB759DA8D /* CDVIonicKeyboard.m */; };
		C4E46747D96248B18D9B2D00 /* ImageIO.framework in Frameworks */ = {isa = PBXBuildFile; fileRef = 6DC46B6C7A564589BEF0AEE1 /* ImageIO.framework */; settings = {ATTRIBUTES = (Weak, ); }; };
		CBC3B7EA1E1D4E60B2A7C84B /* CDVWKInAppBrowser.m in Sources */ = {isa = PBXBuildFile; fileRef = 77832813B37A493EA79932CE /* CDVWKInAppBrowser.m */; };
		D4E405E6E1084771819DF4B2 /* AFURLResponseSerialization.m in Sources */ = {isa = PBXBuildFile; fileRef = D2E4545B0D194D7988EB2A5B /* AFURLResponseSerialization.m */; };
		D808DC8B300A43A9B0BAF59E /* AFSecurityPolicy.m in Sources */ = {isa = PBXBuildFile; fileRef = 84FFD4751E9147FC9A6CB166 /* AFSecurityPolicy.m */; };
		DB8C314A796343A0A911190E /* UIImage+CropScaleOrientation.m in Sources */ = {isa = PBXBuildFile; fileRef = 6962A72C3C544F019F779763 /* UIImage+CropScaleOrientation.m */; };
		EC79AB26523345D28B38542F /* CDVStatusBar.m in Sources */ = {isa = PBXBuildFile; fileRef = EC8981F18BCF43B287DCCCC5 /* CDVStatusBar.m */; };
		EDBA730965674CEBB2183B4F /* CDVDevice.m in Sources */ = {isa = PBXBuildFile; fileRef = 9ED60113F82F4FC2B041902C /* CDVDevice.m */; };
		F7B35185118345D8B3C33C38 /* BinaryResponseSerializer.m in Sources */ = {isa = PBXBuildFile; fileRef = 32344DD4A18C493B823FF3EE /* BinaryResponseSerializer.m */; };
		FF28AB470AB1479A828118B8 /* CDVSplashScreen.m in Sources */ = {isa = PBXBuildFile; fileRef = EB280ECE61F64E8986CC9A95 /* CDVSplashScreen.m */; };
/* End PBXBuildFile section */

/* Begin PBXContainerItemProxy section */
		301BF534109A57CC0062928A /* PBXContainerItemProxy */ = {
			isa = PBXContainerItemProxy;
			containerPortal = 301BF52D109A57CC0062928A /* CordovaLib.xcodeproj */;
			proxyType = 2;
			remoteGlobalIDString = D2AAC07E0554694100DB518D;
			remoteInfo = CordovaLib;
		};
		301BF550109A68C00062928A /* PBXContainerItemProxy */ = {
			isa = PBXContainerItemProxy;
			containerPortal = 301BF52D109A57CC0062928A /* CordovaLib.xcodeproj */;
			proxyType = 1;
			remoteGlobalIDString = D2AAC07D0554694100DB518D;
			remoteInfo = CordovaLib;
		};
		907D8123214C687600058A10 /* PBXContainerItemProxy */ = {
			isa = PBXContainerItemProxy;
			containerPortal = 301BF52D109A57CC0062928A /* CordovaLib.xcodeproj */;
			proxyType = 2;
			remoteGlobalIDString = C0C01EB21E3911D50056E6CB;
			remoteInfo = Cordova;
		};
/* End PBXContainerItemProxy section */

/* Begin PBXFileReference section */
		00520AA4FEA648A8AB93DB30 /* Security.framework */ = {isa = PBXFileReference; explicitFileType = undefined; fileEncoding = 9; includeInIndex = 0; lastKnownFileType = wrapper.framework; name = Security.framework; path = System/Library/Frameworks/Security.framework; sourceTree = SDKROOT; };
		0207DA571B56EA530066E2B4 /* Images.xcassets */ = {isa = PBXFileReference; lastKnownFileType = folder.assetcatalog; name = Images.xcassets; path = Uploaded/Images.xcassets; sourceTree = SOURCE_ROOT; };
		023F6E23805544608E84C68A /* BinaryResponseSerializer.h */ = {isa = PBXFileReference; explicitFileType = undefined; fileEncoding = 4; includeInIndex = 0; lastKnownFileType = sourcecode.c.h; name = BinaryResponseSerializer.h; path = "cordova-plugin-advanced-http/BinaryResponseSerializer.h"; sourceTree = "<group>"; };
		070F64ABC99941F296B3D3B7 /* PSPDFThreadSafeMutableDictionary.h */ = {isa = PBXFileReference; explicitFileType = undefined; fileEncoding = 4; includeInIndex = 0; lastKnownFileType = sourcecode.c.h; name = PSPDFThreadSafeMutableDictionary.h; path = "cordova-sqlite-storage/PSPDFThreadSafeMutableDictionary.h"; sourceTree = "<group>"; };
		07A71DDE754A4094823FA620 /* NSString+SSURLEncoding.m */ = {isa = PBXFileReference; explicitFileType = undefined; fileEncoding = 4; includeInIndex = 0; lastKnownFileType = sourcecode.c.objc; name = "NSString+SSURLEncoding.m"; path = "cordova-plugin-x-socialsharing/NSString+SSURLEncoding.m"; sourceTree = "<group>"; };
		0999586D2E9247F5B299DE01 /* CDVInAppBrowser.m */ = {isa = PBXFileReference; explicitFileType = undefined; fileEncoding = 4; includeInIndex = 0; lastKnownFileType = sourcecode.c.objc; name = CDVInAppBrowser.m; path = "cordova-plugin-inappbrowser/CDVInAppBrowser.m"; sourceTree = "<group>"; };
		0FE91C68A3114CCFA9352365 /* CDVInAppBrowserNavigationController.h */ = {isa = PBXFileReference; explicitFileType = undefined; fileEncoding = 4; includeInIndex = 0; lastKnownFileType = sourcecode.c.h; name = CDVInAppBrowserNavigationController.h; path = "cordova-plugin-inappbrowser/CDVInAppBrowserNavigationController.h"; sourceTree = "<group>"; };
		1258DB664B0D41EEA389EEAC /* CDVSplashScreen.h */ = {isa = PBXFileReference; explicitFileType = undefined; fileEncoding = 4; includeInIndex = 0; lastKnownFileType = sourcecode.c.h; name = CDVSplashScreen.h; path = "cordova-plugin-splashscreen/CDVSplashScreen.h"; sourceTree = "<group>"; };
		150F2CC57711427AB831078A /* CDVWKWebViewUIDelegate.h */ = {isa = PBXFileReference; explicitFileType = undefined; fileEncoding = 4; includeInIndex = 0; lastKnownFileType = sourcecode.c.h; name = CDVWKWebViewUIDelegate.h; path = "cordova-plugin-ionic-webview/CDVWKWebViewUIDelegate.h"; sourceTree = "<group>"; };
		15244841D70344849B466A3E /* CDVWKWebViewEngine.m */ = {isa = PBXFileReference; explicitFileType = undefined; fileEncoding = 4; includeInIndex = 0; lastKnownFileType = sourcecode.c.objc; name = CDVWKWebViewEngine.m; path = "cordova-plugin-ionic-webview/CDVWKWebViewEngine.m"; sourceTree = "<group>"; };
		1551B6ECD28943AD8410728E /* AFURLSessionManager.m */ = {isa = PBXFileReference; explicitFileType = undefined; fileEncoding = 4; includeInIndex = 0; lastKnownFileType = sourcecode.c.objc; name = AFURLSessionManager.m; path = "cordova-plugin-advanced-http/AFURLSessionManager.m"; sourceTree = "<group>"; };
		16020E9CF80F4E0EAFE114E4 /* CDVCapture.m */ = {isa = PBXFileReference; explicitFileType = undefined; fileEncoding = 4; includeInIndex = 0; lastKnownFileType = sourcecode.c.objc; name = CDVCapture.m; path = "cordova-plugin-media-capture/CDVCapture.m"; sourceTree = "<group>"; };
		17DE1C6A99B341B2B99953A5 /* CDVFile.h */ = {isa = PBXFileReference; explicitFileType = undefined; fileEncoding = 4; includeInIndex = 0; lastKnownFileType = sourcecode.c.h; name = CDVFile.h; path = "cordova-plugin-file/CDVFile.h"; sourceTree = "<group>"; };
		1A974989BCE745FAADCEDD27 /* MessageUI.framework */ = {isa = PBXFileReference; explicitFileType = undefined; fileEncoding = 9; includeInIndex = 0; lastKnownFileType = wrapper.framework; name = MessageUI.framework; path = System/Library/Frameworks/MessageUI.framework; sourceTree = SDKROOT; };
		1BE1A0670FA141C88864E7B6 /* AFNetworking.h */ = {isa = PBXFileReference; explicitFileType = undefined; fileEncoding = 4; includeInIndex = 0; lastKnownFileType = sourcecode.c.h; name = AFNetworking.h; path = "cordova-plugin-advanced-http/AFNetworking.h"; sourceTree = "<group>"; };
		1D3623240D0F684500981E51 /* AppDelegate.h */ = {isa = PBXFileReference; fileEncoding = 4; lastKnownFileType = sourcecode.c.h; path = AppDelegate.h; sourceTree = "<group>"; };
		1D3623250D0F684500981E51 /* AppDelegate.m */ = {isa = PBXFileReference; fileEncoding = 4; lastKnownFileType = sourcecode.c.objc; path = AppDelegate.m; sourceTree = "<group>"; };
		1D6058910D05DD3D006BFB54 /* Uploaded.app */ = {isa = PBXFileReference; explicitFileType = wrapper.application; includeInIndex = 0; path = Uploaded.app; sourceTree = BUILT_PRODUCTS_DIR; };
		218E4579D4FAFC6B28669838 /* Pods-Uploaded.debug.xcconfig */ = {isa = PBXFileReference; includeInIndex = 1; lastKnownFileType = text.xcconfig; name = "Pods-Uploaded.debug.xcconfig"; path = "Target Support Files/Pods-Uploaded/Pods-Uploaded.debug.xcconfig"; sourceTree = "<group>"; };
		23DC560C184242B0A06B1289 /* CDVCapture.h */ = {isa = PBXFileReference; explicitFileType = undefined; fileEncoding = 4; includeInIndex = 0; lastKnownFileType = sourcecode.c.h; name = CDVCapture.h; path = "cordova-plugin-media-capture/CDVCapture.h"; sourceTree = "<group>"; };
		2497EA55538B47B5A695F08D /* AFNetworkReachabilityManager.m */ = {isa = PBXFileReference; explicitFileType = undefined; fileEncoding = 4; includeInIndex = 0; lastKnownFileType = sourcecode.c.objc; name = AFNetworkReachabilityManager.m; path = "cordova-plugin-advanced-http/AFNetworkReachabilityManager.m"; sourceTree = "<group>"; };
		252E3143C7A84826BAF2DB17 /* CDVInAppBrowserNavigationController.m */ = {isa = PBXFileReference; explicitFileType = undefined; fileEncoding = 4; includeInIndex = 0; lastKnownFileType = sourcecode.c.objc; name = CDVInAppBrowserNavigationController.m; path = "cordova-plugin-inappbrowser/CDVInAppBrowserNavigationController.m"; sourceTree = "<group>"; };
		28945E45E5494F39BAF9D39D /* AFURLRequestSerialization.h */ = {isa = PBXFileReference; explicitFileType = undefined; fileEncoding = 4; includeInIndex = 0; lastKnownFileType = sourcecode.c.h; name = AFURLRequestSerialization.h; path = "cordova-plugin-advanced-http/AFURLRequestSerialization.h"; sourceTree = "<group>"; };
		29B97316FDCFA39411CA2CEA /* main.m */ = {isa = PBXFileReference; fileEncoding = 4; lastKnownFileType = sourcecode.c.objc; path = main.m; sourceTree = "<group>"; };
		301BF52D109A57CC0062928A /* CordovaLib.xcodeproj */ = {isa = PBXFileReference; lastKnownFileType = "wrapper.pb-project"; name = CordovaLib.xcodeproj; path = CordovaLib/CordovaLib.xcodeproj; sourceTree = "<group>"; };
		301BF56E109A69640062928A /* www */ = {isa = PBXFileReference; lastKnownFileType = folder; path = www; sourceTree = SOURCE_ROOT; };
		302D95EE14D2391D003F00A1 /* MainViewController.h */ = {isa = PBXFileReference; fileEncoding = 4; lastKnownFileType = sourcecode.c.h; path = MainViewController.h; sourceTree = "<group>"; };
		302D95EF14D2391D003F00A1 /* MainViewController.m */ = {isa = PBXFileReference; fileEncoding = 4; lastKnownFileType = sourcecode.c.objc; path = MainViewController.m; sourceTree = "<group>"; };
		302D95F014D2391D003F00A1 /* MainViewController.xib */ = {isa = PBXFileReference; fileEncoding = 4; lastKnownFileType = file.xib; path = MainViewController.xib; sourceTree = "<group>"; };
		3047A50F1AB8059700498E2A /* build-debug.xcconfig */ = {isa = PBXFileReference; fileEncoding = 4; lastKnownFileType = text.xcconfig; name = "build-debug.xcconfig"; path = "cordova/build-debug.xcconfig"; sourceTree = SOURCE_ROOT; };
		3047A5101AB8059700498E2A /* build-release.xcconfig */ = {isa = PBXFileReference; fileEncoding = 4; lastKnownFileType = text.xcconfig; name = "build-release.xcconfig"; path = "cordova/build-release.xcconfig"; sourceTree = SOURCE_ROOT; };
		3047A5111AB8059700498E2A /* build.xcconfig */ = {isa = PBXFileReference; fileEncoding = 4; lastKnownFileType = text.xcconfig; name = build.xcconfig; path = cordova/build.xcconfig; sourceTree = SOURCE_ROOT; };
		32344DD4A18C493B823FF3EE /* BinaryResponseSerializer.m */ = {isa = PBXFileReference; explicitFileType = undefined; fileEncoding = 4; includeInIndex = 0; lastKnownFileType = sourcecode.c.objc; name = BinaryResponseSerializer.m; path = "cordova-plugin-advanced-http/BinaryResponseSerializer.m"; sourceTree = "<group>"; };
		32CA4F630368D1EE00C91783 /* Uploaded-Prefix.pch */ = {isa = PBXFileReference; fileEncoding = 4; lastKnownFileType = sourcecode.c.h; path = "Uploaded-Prefix.pch"; sourceTree = "<group>"; };
		32E15EF89AC8495B910A5F8D /* UIImage+CropScaleOrientation.h */ = {isa = PBXFileReference; explicitFileType = undefined; fileEncoding = 4; includeInIndex = 0; lastKnownFileType = sourcecode.c.h; name = "UIImage+CropScaleOrientation.h"; path = "cordova-plugin-camera/UIImage+CropScaleOrientation.h"; sourceTree = "<group>"; };
		33DE6975CF4B4575B1AE67D8 /* CDVWKInAppBrowserUIDelegate.h */ = {isa = PBXFileReference; explicitFileType = undefined; fileEncoding = 4; includeInIndex = 0; lastKnownFileType = sourcecode.c.h; name = CDVWKInAppBrowserUIDelegate.h; path = "cordova-plugin-inappbrowser/CDVWKInAppBrowserUIDelegate.h"; sourceTree = "<group>"; };
		3A3ADA3790F242E0BC37A9EA /* TextRequestSerializer.h */ = {isa = PBXFileReference; explicitFileType = undefined; fileEncoding = 4; includeInIndex = 0; lastKnownFileType = sourcecode.c.h; name = TextRequestSerializer.h; path = "cordova-plugin-advanced-http/TextRequestSerializer.h"; sourceTree = "<group>"; };
		3AC68D739F984FD391B3BD67 /* CDVViewController+SplashScreen.m */ = {isa = PBXFileReference; explicitFileType = undefined; fileEncoding = 4; includeInIndex = 0; lastKnownFileType = sourcecode.c.objc; name = "CDVViewController+SplashScreen.m"; path = "cordova-plugin-splashscreen/CDVViewController+SplashScreen.m"; sourceTree = "<group>"; };
		3B6954FFECAE4F498DA96B55 /* AFNetworkReachabilityManager.h */ = {isa = PBXFileReference; explicitFileType = undefined; fileEncoding = 4; includeInIndex = 0; lastKnownFileType = sourcecode.c.h; name = AFNetworkReachabilityManager.h; path = "cordova-plugin-advanced-http/AFNetworkReachabilityManager.h"; sourceTree = "<group>"; };
		3BFDD681841540D68630C4A7 /* CDVWKInAppBrowserUIDelegate.m */ = {isa = PBXFileReference; explicitFileType = undefined; fileEncoding = 4; includeInIndex = 0; lastKnownFileType = sourcecode.c.objc; name = CDVWKInAppBrowserUIDelegate.m; path = "cordova-plugin-inappbrowser/CDVWKInAppBrowserUIDelegate.m"; sourceTree = "<group>"; };
		3C1DDE0D55EF48DE9814AE3F /* sqlite3.c */ = {isa = PBXFileReference; explicitFileType = undefined; fileEncoding = 9; includeInIndex = 0; lastKnownFileType = unknown; name = sqlite3.c; path = "cordova-sqlite-storage/sqlite3.c"; sourceTree = "<group>"; };
		3D070B5E7489419D8CA7FE38 /* NSString+SSURLEncoding.h */ = {isa = PBXFileReference; explicitFileType = undefined; fileEncoding = 4; includeInIndex = 0; lastKnownFileType = sourcecode.c.h; name = "NSString+SSURLEncoding.h"; path = "cordova-plugin-x-socialsharing/NSString+SSURLEncoding.h"; sourceTree = "<group>"; };
		408A122108EB48B3815E1195 /* WebKit.framework */ = {isa = PBXFileReference; explicitFileType = undefined; fileEncoding = 9; includeInIndex = 0; lastKnownFileType = wrapper.framework; name = WebKit.framework; path = System/Library/Frameworks/WebKit.framework; sourceTree = SDKROOT; };
		413646D67E0449E0994E9198 /* CDVAssetLibraryFilesystem.h */ = {isa = PBXFileReference; explicitFileType = undefined; fileEncoding = 4; includeInIndex = 0; lastKnownFileType = sourcecode.c.h; name = CDVAssetLibraryFilesystem.h; path = "cordova-plugin-file/CDVAssetLibraryFilesystem.h"; sourceTree = "<group>"; };
		423E25E1BF8C45C59D912C57 /* CDVAssetLibraryFilesystem.m */ = {isa = PBXFileReference; explicitFileType = undefined; fileEncoding = 4; includeInIndex = 0; lastKnownFileType = sourcecode.c.objc; name = CDVAssetLibraryFilesystem.m; path = "cordova-plugin-file/CDVAssetLibraryFilesystem.m"; sourceTree = "<group>"; };
		470CA4979D43417F8CEF572E /* Social.framework */ = {isa = PBXFileReference; explicitFileType = undefined; fileEncoding = 9; includeInIndex = 0; lastKnownFileType = wrapper.framework; name = Social.framework; path = System/Library/Frameworks/Social.framework; sourceTree = SDKROOT; };
		48E11900C10D4C53AA12E004 /* CDVWKProcessPoolFactory.h */ = {isa = PBXFileReference; explicitFileType = undefined; fileEncoding = 4; includeInIndex = 0; lastKnownFileType = sourcecode.c.h; name = CDVWKProcessPoolFactory.h; path = "cordova-plugin-ionic-webview/CDVWKProcessPoolFactory.h"; sourceTree = "<group>"; };
		50E1BF16D0C9CA2DE45ECC1F /* Pods-Uploaded.release.xcconfig */ = {isa = PBXFileReference; includeInIndex = 1; lastKnownFileType = text.xcconfig; name = "Pods-Uploaded.release.xcconfig"; path = "Target Support Files/Pods-Uploaded/Pods-Uploaded.release.xcconfig"; sourceTree = "<group>"; };
		52FFDE13B0C74E05AA04C069 /* CoreLocation.framework */ = {isa = PBXFileReference; explicitFileType = undefined; fileEncoding = 9; includeInIndex = 0; lastKnownFileType = wrapper.framework; name = CoreLocation.framework; path = System/Library/Frameworks/CoreLocation.framework; sourceTree = SDKROOT; };
		553C35E3CEAC4786BCD0362E /* CDVLocalFilesystem.h */ = {isa = PBXFileReference; explicitFileType = undefined; fileEncoding = 4; includeInIndex = 0; lastKnownFileType = sourcecode.c.h; name = CDVLocalFilesystem.h; path = "cordova-plugin-file/CDVLocalFilesystem.h"; sourceTree = "<group>"; };
		57733F66773B49F884791A3E /* SDNetworkActivityIndicator.h */ = {isa = PBXFileReference; explicitFileType = undefined; fileEncoding = 4; includeInIndex = 0; lastKnownFileType = sourcecode.c.h; name = SDNetworkActivityIndicator.h; path = "cordova-plugin-advanced-http/SDNetworkActivityIndicator.h"; sourceTree = "<group>"; };
		58E405ED8DB24C95A9D7C6D4 /* AFURLRequestSerialization.m */ = {isa = PBXFileReference; explicitFileType = undefined; fileEncoding = 4; includeInIndex = 0; lastKnownFileType = sourcecode.c.objc; name = AFURLRequestSerialization.m; path = "cordova-plugin-advanced-http/AFURLRequestSerialization.m"; sourceTree = "<group>"; };
		5D52C702AD194D0C8D40A293 /* TextResponseSerializer.m */ = {isa = PBXFileReference; explicitFileType = undefined; fileEncoding = 4; includeInIndex = 0; lastKnownFileType = sourcecode.c.objc; name = TextResponseSerializer.m; path = "cordova-plugin-advanced-http/TextResponseSerializer.m"; sourceTree = "<group>"; };
		5E2B7417789A4506BBB448B5 /* CDVCamera.m */ = {isa = PBXFileReference; explicitFileType = undefined; fileEncoding = 4; includeInIndex = 0; lastKnownFileType = sourcecode.c.objc; name = CDVCamera.m; path = "cordova-plugin-camera/CDVCamera.m"; sourceTree = "<group>"; };
		6063FAFFD0D74446A8D1C566 /* SocialSharing.h */ = {isa = PBXFileReference; explicitFileType = undefined; fileEncoding = 4; includeInIndex = 0; lastKnownFileType = sourcecode.c.h; name = SocialSharing.h; path = "cordova-plugin-x-socialsharing/SocialSharing.h"; sourceTree = "<group>"; };
		615CE0F0029542F8B6B21215 /* CDVDevice.h */ = {isa = PBXFileReference; explicitFileType = undefined; fileEncoding = 4; includeInIndex = 0; lastKnownFileType = sourcecode.c.h; name = CDVDevice.h; path = "cordova-plugin-device/CDVDevice.h"; sourceTree = "<group>"; };
		623D27948DF74AB9A112BB68 /* CDVUIInAppBrowser.h */ = {isa = PBXFileReference; explicitFileType = undefined; fileEncoding = 4; includeInIndex = 0; lastKnownFileType = sourcecode.c.h; name = CDVUIInAppBrowser.h; path = "cordova-plugin-inappbrowser/CDVUIInAppBrowser.h"; sourceTree = "<group>"; };
		690323FF0FEB49BC9A75F332 /* SocialSharing.m */ = {isa = PBXFileReference; explicitFileType = undefined; fileEncoding = 4; includeInIndex = 0; lastKnownFileType = sourcecode.c.objc; name = SocialSharing.m; path = "cordova-plugin-x-socialsharing/SocialSharing.m"; sourceTree = "<group>"; };
		6962A72C3C544F019F779763 /* UIImage+CropScaleOrientation.m */ = {isa = PBXFileReference; explicitFileType = undefined; fileEncoding = 4; includeInIndex = 0; lastKnownFileType = sourcecode.c.objc; name = "UIImage+CropScaleOrientation.m"; path = "cordova-plugin-camera/UIImage+CropScaleOrientation.m"; sourceTree = "<group>"; };
		6AE9A9550221461AA0E670C3 /* AFSecurityPolicy.h */ = {isa = PBXFileReference; explicitFileType = undefined; fileEncoding = 4; includeInIndex = 0; lastKnownFileType = sourcecode.c.h; name = AFSecurityPolicy.h; path = "cordova-plugin-advanced-http/AFSecurityPolicy.h"; sourceTree = "<group>"; };
		6AFF5BF81D6E424B00AB3073 /* CDVLaunchScreen.storyboard */ = {isa = PBXFileReference; fileEncoding = 4; lastKnownFileType = file.storyboard; name = CDVLaunchScreen.storyboard; path = Uploaded/CDVLaunchScreen.storyboard; sourceTree = SOURCE_ROOT; };
		6B7536A5B73441189A16114B /* AFURLResponseSerialization.h */ = {isa = PBXFileReference; explicitFileType = undefined; fileEncoding = 4; includeInIndex = 0; lastKnownFileType = sourcecode.c.h; name = AFURLResponseSerialization.h; path = "cordova-plugin-advanced-http/AFURLResponseSerialization.h"; sourceTree = "<group>"; };
		6BBDDB914DD9402BBC435066 /* CordovaHttpPlugin.m */ = {isa = PBXFileReference; explicitFileType = undefined; fileEncoding = 4; includeInIndex = 0; lastKnownFileType = sourcecode.c.objc; name = CordovaHttpPlugin.m; path = "cordova-plugin-advanced-http/CordovaHttpPlugin.m"; sourceTree = "<group>"; };
		6C1967AD9DA94A85AA79A283 /* SystemConfiguration.framework */ = {isa = PBXFileReference; explicitFileType = undefined; fileEncoding = 9; includeInIndex = 0; lastKnownFileType = wrapper.framework; name = SystemConfiguration.framework; path = System/Library/Frameworks/SystemConfiguration.framework; sourceTree = SDKROOT; };
		6CE1D63909A04205A7991089 /* AFURLSessionManager.h */ = {isa = PBXFileReference; explicitFileType = undefined; fileEncoding = 4; includeInIndex = 0; lastKnownFileType = sourcecode.c.h; name = AFURLSessionManager.h; path = "cordova-plugin-advanced-http/AFURLSessionManager.h"; sourceTree = "<group>"; };
		6DC46B6C7A564589BEF0AEE1 /* ImageIO.framework */ = {isa = PBXFileReference; explicitFileType = undefined; fileEncoding = 9; includeInIndex = 0; lastKnownFileType = wrapper.framework; name = ImageIO.framework; path = System/Library/Frameworks/ImageIO.framework; sourceTree = SDKROOT; };
		76588948334447F2ACE5CF57 /* AVFoundation.framework */ = {isa = PBXFileReference; explicitFileType = undefined; fileEncoding = 9; includeInIndex = 0; lastKnownFileType = wrapper.framework; name = AVFoundation.framework; path = System/Library/Frameworks/AVFoundation.framework; sourceTree = SDKROOT; };
		77832813B37A493EA79932CE /* CDVWKInAppBrowser.m */ = {isa = PBXFileReference; explicitFileType = undefined; fileEncoding = 4; includeInIndex = 0; lastKnownFileType = sourcecode.c.objc; name = CDVWKInAppBrowser.m; path = "cordova-plugin-inappbrowser/CDVWKInAppBrowser.m"; sourceTree = "<group>"; };
		77FAC8831E9E4B34A68A05E4 /* SQLitePlugin.h */ = {isa = PBXFileReference; explicitFileType = undefined; fileEncoding = 4; includeInIndex = 0; lastKnownFileType = sourcecode.c.h; name = SQLitePlugin.h; path = "cordova-sqlite-storage/SQLitePlugin.h"; sourceTree = "<group>"; };
		7BCF5A2BA75D4023812E82E4 /* SQLitePlugin.m */ = {isa = PBXFileReference; explicitFileType = undefined; fileEncoding = 4; includeInIndex = 0; lastKnownFileType = sourcecode.c.objc; name = SQLitePlugin.m; path = "cordova-sqlite-storage/SQLitePlugin.m"; sourceTree = "<group>"; };
		7C684A161AA646B8A35FD049 /* CDVSound.h */ = {isa = PBXFileReference; explicitFileType = undefined; fileEncoding = 4; includeInIndex = 0; lastKnownFileType = sourcecode.c.h; name = CDVSound.h; path = "cordova-plugin-media/CDVSound.h"; sourceTree = "<group>"; };
		8177F7B483304A34AB28A673 /* SDNetworkActivityIndicator.m */ = {isa = PBXFileReference; explicitFileType = undefined; fileEncoding = 4; includeInIndex = 0; lastKnownFileType = sourcecode.c.objc; name = SDNetworkActivityIndicator.m; path = "cordova-plugin-advanced-http/SDNetworkActivityIndicator.m"; sourceTree = "<group>"; };
		82026B23C01C4EDF9FD25077 /* CDVExif.h */ = {isa = PBXFileReference; explicitFileType = undefined; fileEncoding = 4; includeInIndex = 0; lastKnownFileType = sourcecode.c.h; name = CDVExif.h; path = "cordova-plugin-camera/CDVExif.h"; sourceTree = "<group>"; };
		82C8507C43694F43BD65F807 /* IONAssetHandler.h */ = {isa = PBXFileReference; explicitFileType = undefined; fileEncoding = 4; includeInIndex = 0; lastKnownFileType = sourcecode.c.h; name = IONAssetHandler.h; path = "cordova-plugin-ionic-webview/IONAssetHandler.h"; sourceTree = "<group>"; };
		84FFD4751E9147FC9A6CB166 /* AFSecurityPolicy.m */ = {isa = PBXFileReference; explicitFileType = undefined; fileEncoding = 4; includeInIndex = 0; lastKnownFileType = sourcecode.c.objc; name = AFSecurityPolicy.m; path = "cordova-plugin-advanced-http/AFSecurityPolicy.m"; sourceTree = "<group>"; };
		87655D2E5DDC4405A0F6F9BA /* CDVViewController+SplashScreen.h */ = {isa = PBXFileReference; explicitFileType = undefined; fileEncoding = 4; includeInIndex = 0; lastKnownFileType = sourcecode.c.h; name = "CDVViewController+SplashScreen.h"; path = "cordova-plugin-splashscreen/CDVViewController+SplashScreen.h"; sourceTree = "<group>"; };
		89413CC42D624BB2AEE8F42A /* OneSignalPush.h */ = {isa = PBXFileReference; explicitFileType = undefined; fileEncoding = 4; includeInIndex = 0; lastKnownFileType = sourcecode.c.h; name = OneSignalPush.h; path = "onesignal-cordova-plugin/OneSignalPush.h"; sourceTree = "<group>"; };
		89DDC291AA664BC9ADDBA8B6 /* CDVFileTransfer.h */ = {isa = PBXFileReference; explicitFileType = undefined; fileEncoding = 4; includeInIndex = 0; lastKnownFileType = sourcecode.c.h; name = CDVFileTransfer.h; path = "cordova-plugin-file-transfer/CDVFileTransfer.h"; sourceTree = "<group>"; };
		8D1107310486CEB800E47090 /* Uploaded-Info.plist */ = {isa = PBXFileReference; fileEncoding = 4; lastKnownFileType = text.plist.xml; name = "Uploaded-Info.plist"; path = "Uploaded/Uploaded-Info.plist"; plistStructureDefinitionIdentifier = "com.apple.xcode.plist.structure-definition.iphone.info-plist"; sourceTree = SOURCE_ROOT; };
		98261BF1848A4120BFF67F11 /* TextRequestSerializer.m */ = {isa = PBXFileReference; explicitFileType = undefined; fileEncoding = 4; includeInIndex = 0; lastKnownFileType = sourcecode.c.objc; name = TextRequestSerializer.m; path = "cordova-plugin-advanced-http/TextRequestSerializer.m"; sourceTree = "<group>"; };
		9E04E419FEFC498390F3AACD /* CDVLocalFilesystem.m */ = {isa = PBXFileReference; explicitFileType = undefined; fileEncoding = 4; includeInIndex = 0; lastKnownFileType = sourcecode.c.objc; name = CDVLocalFilesystem.m; path = "cordova-plugin-file/CDVLocalFilesystem.m"; sourceTree = "<group>"; };
		9ED60113F82F4FC2B041902C /* CDVDevice.m */ = {isa = PBXFileReference; explicitFileType = undefined; fileEncoding = 4; includeInIndex = 0; lastKnownFileType = sourcecode.c.objc; name = CDVDevice.m; path = "cordova-plugin-device/CDVDevice.m"; sourceTree = "<group>"; };
		A44E743B47894BAAADF7A60E /* CDVCamera.h */ = {isa = PBXFileReference; explicitFileType = undefined; fileEncoding = 4; includeInIndex = 0; lastKnownFileType = sourcecode.c.h; name = CDVCamera.h; path = "cordova-plugin-camera/CDVCamera.h"; sourceTree = "<group>"; };
		ADDAECD3552E4AEE801D7AD0 /* AFHTTPSessionManager.m */ = {isa = PBXFileReference; explicitFileType = undefined; fileEncoding = 4; includeInIndex = 0; lastKnownFileType = sourcecode.c.objc; name = AFHTTPSessionManager.m; path = "cordova-plugin-advanced-http/AFHTTPSessionManager.m"; sourceTree = "<group>"; };
		B55E9E65068D4F8F8B968F5D /* CDVCapture.bundle */ = {isa = PBXFileReference; explicitFileType = undefined; fileEncoding = 9; includeInIndex = 0; lastKnownFileType = "wrapper.plug-in"; path = CDVCapture.bundle; sourceTree = "<group>"; };
		BE38037FE63B45E4838AE48E /* CDVFile.m */ = {isa = PBXFileReference; explicitFileType = undefined; fileEncoding = 4; includeInIndex = 0; lastKnownFileType = sourcecode.c.objc; name = CDVFile.m; path = "cordova-plugin-file/CDVFile.m"; sourceTree = "<group>"; };
		BE6EDF8697884C789F70F107 /* CDVInAppBrowserOptions.m */ = {isa = PBXFileReference; explicitFileType = undefined; fileEncoding = 4; includeInIndex = 0; lastKnownFileType = sourcecode.c.objc; name = CDVInAppBrowserOptions.m; path = "cordova-plugin-inappbrowser/CDVInAppBrowserOptions.m"; sourceTree = "<group>"; };
		C0447ADCBAAC478A8BF62581 /* CDVJpegHeaderWriter.m */ = {isa = PBXFileReference; explicitFileType = undefined; fileEncoding = 4; includeInIndex = 0; lastKnownFileType = sourcecode.c.objc; name = CDVJpegHeaderWriter.m; path = "cordova-plugin-camera/CDVJpegHeaderWriter.m"; sourceTree = "<group>"; };
		C3AD95B42EC648CAA58EA248 /* CDVFileTransfer.m */ = {isa = PBXFileReference; explicitFileType = undefined; fileEncoding = 4; includeInIndex = 0; lastKnownFileType = sourcecode.c.objc; name = CDVFileTransfer.m; path = "cordova-plugin-file-transfer/CDVFileTransfer.m"; sourceTree = "<group>"; };
		C447BEC07C2542AB97E516BA /* CDVInAppBrowserOptions.h */ = {isa = PBXFileReference; explicitFileType = undefined; fileEncoding = 4; includeInIndex = 0; lastKnownFileType = sourcecode.c.h; name = CDVInAppBrowserOptions.h; path = "cordova-plugin-inappbrowser/CDVInAppBrowserOptions.h"; sourceTree = "<group>"; };
		CAA5362197C9425DB8CB1D18 /* CDVJpegHeaderWriter.h */ = {isa = PBXFileReference; explicitFileType = undefined; fileEncoding = 4; includeInIndex = 0; lastKnownFileType = sourcecode.c.h; name = CDVJpegHeaderWriter.h; path = "cordova-plugin-camera/CDVJpegHeaderWriter.h"; sourceTree = "<group>"; };
		D0920F6A827C4F3EB759DA8D /* CDVIonicKeyboard.m */ = {isa = PBXFileReference; explicitFileType = undefined; fileEncoding = 4; includeInIndex = 0; lastKnownFileType = sourcecode.c.objc; name = CDVIonicKeyboard.m; path = "cordova-plugin-ionic-keyboard/CDVIonicKeyboard.m"; sourceTree = "<group>"; };
		D2E4545B0D194D7988EB2A5B /* AFURLResponseSerialization.m */ = {isa = PBXFileReference; explicitFileType = undefined; fileEncoding = 4; includeInIndex = 0; lastKnownFileType = sourcecode.c.objc; name = AFURLResponseSerialization.m; path = "cordova-plugin-advanced-http/AFURLResponseSerialization.m"; sourceTree = "<group>"; };
		D4C72113E6F245B08E2DFE08 /* sqlite3.h */ = {isa = PBXFileReference; explicitFileType = undefined; fileEncoding = 4; includeInIndex = 0; lastKnownFileType = sourcecode.c.h; name = sqlite3.h; path = "cordova-sqlite-storage/sqlite3.h"; sourceTree = "<group>"; };
		D5F3A0A9BD80498DB168602A /* CDVOrientation.h */ = {isa = PBXFileReference; explicitFileType = undefined; fileEncoding = 4; includeInIndex = 0; lastKnownFileType = sourcecode.c.h; name = CDVOrientation.h; path = "cordova-plugin-screen-orientation/CDVOrientation.h"; sourceTree = "<group>"; };
		D8A070E6B56B45F39DEFA571 /* AFHTTPSessionManager.h */ = {isa = PBXFileReference; explicitFileType = undefined; fileEncoding = 4; includeInIndex = 0; lastKnownFileType = sourcecode.c.h; name = AFHTTPSessionManager.h; path = "cordova-plugin-advanced-http/AFHTTPSessionManager.h"; sourceTree = "<group>"; };
		D9A281827FC74F559AFFF001 /* CDVWKProcessPoolFactory.m */ = {isa = PBXFileReference; explicitFileType = undefined; fileEncoding = 4; includeInIndex = 0; lastKnownFileType = sourcecode.c.objc; name = CDVWKProcessPoolFactory.m; path = "cordova-plugin-ionic-webview/CDVWKProcessPoolFactory.m"; sourceTree = "<group>"; };
		DB385B857FD646B49EF4A29B /* CDVStatusBar.h */ = {isa = PBXFileReference; explicitFileType = undefined; fileEncoding = 4; includeInIndex = 0; lastKnownFileType = sourcecode.c.h; name = CDVStatusBar.h; path = "cordova-plugin-statusbar/CDVStatusBar.h"; sourceTree = "<group>"; };
		DB505E88B7454809995CA1A9 /* CDVInAppBrowser.h */ = {isa = PBXFileReference; explicitFileType = undefined; fileEncoding = 4; includeInIndex = 0; lastKnownFileType = sourcecode.c.h; name = CDVInAppBrowser.h; path = "cordova-plugin-inappbrowser/CDVInAppBrowser.h"; sourceTree = "<group>"; };
		DE2BE609554D47A8A2A127B0 /* OneSignalPush.m */ = {isa = PBXFileReference; explicitFileType = undefined; fileEncoding = 4; includeInIndex = 0; lastKnownFileType = sourcecode.c.objc; name = OneSignalPush.m; path = "onesignal-cordova-plugin/OneSignalPush.m"; sourceTree = "<group>"; };
		E0C91F32A4844E6DA5EF3D22 /* CDVUIInAppBrowser.m */ = {isa = PBXFileReference; explicitFileType = undefined; fileEncoding = 4; includeInIndex = 0; lastKnownFileType = sourcecode.c.objc; name = CDVUIInAppBrowser.m; path = "cordova-plugin-inappbrowser/CDVUIInAppBrowser.m"; sourceTree = "<group>"; };
		E37DA82B12A342468C324326 /* PSPDFThreadSafeMutableDictionary.m */ = {isa = PBXFileReference; explicitFileType = undefined; fileEncoding = 4; includeInIndex = 0; lastKnownFileType = sourcecode.c.objc; name = PSPDFThreadSafeMutableDictionary.m; path = "cordova-sqlite-storage/PSPDFThreadSafeMutableDictionary.m"; sourceTree = "<group>"; };
		E4E74F7022844779981AE5D0 /* CDVIonicKeyboard.h */ = {isa = PBXFileReference; explicitFileType = undefined; fileEncoding = 4; includeInIndex = 0; lastKnownFileType = sourcecode.c.h; name = CDVIonicKeyboard.h; path = "cordova-plugin-ionic-keyboard/CDVIonicKeyboard.h"; sourceTree = "<group>"; };
		E863F61998C241AFAEF16C2B /* CDVWKWebViewEngine.h */ = {isa = PBXFileReference; explicitFileType = undefined; fileEncoding = 4; includeInIndex = 0; lastKnownFileType = sourcecode.c.h; name = CDVWKWebViewEngine.h; path = "cordova-plugin-ionic-webview/CDVWKWebViewEngine.h"; sourceTree = "<group>"; };
		EA1383675ACF4CEBB0DA4D83 /* TextResponseSerializer.h */ = {isa = PBXFileReference; explicitFileType = undefined; fileEncoding = 4; includeInIndex = 0; lastKnownFileType = sourcecode.c.h; name = TextResponseSerializer.h; path = "cordova-plugin-advanced-http/TextResponseSerializer.h"; sourceTree = "<group>"; };
		EB280ECE61F64E8986CC9A95 /* CDVSplashScreen.m */ = {isa = PBXFileReference; explicitFileType = undefined; fileEncoding = 4; includeInIndex = 0; lastKnownFileType = sourcecode.c.objc; name = CDVSplashScreen.m; path = "cordova-plugin-splashscreen/CDVSplashScreen.m"; sourceTree = "<group>"; };
		EB87FDF31871DA8E0020F90C /* www */ = {isa = PBXFileReference; lastKnownFileType = folder; name = www; path = ../../www; sourceTree = "<group>"; };
		EB87FDF41871DAF40020F90C /* config.xml */ = {isa = PBXFileReference; lastKnownFileType = text.xml; name = config.xml; path = ../../config.xml; sourceTree = "<group>"; };
		EB92A2037319430689ADA3A9 /* CordovaHttpPlugin.h */ = {isa = PBXFileReference; explicitFileType = undefined; fileEncoding = 4; includeInIndex = 0; lastKnownFileType = sourcecode.c.h; name = CordovaHttpPlugin.h; path = "cordova-plugin-advanced-http/CordovaHttpPlugin.h"; sourceTree = "<group>"; };
		EC8981F18BCF43B287DCCCC5 /* CDVStatusBar.m */ = {isa = PBXFileReference; explicitFileType = undefined; fileEncoding = 4; includeInIndex = 0; lastKnownFileType = sourcecode.c.objc; name = CDVStatusBar.m; path = "cordova-plugin-statusbar/CDVStatusBar.m"; sourceTree = "<group>"; };
		ED1CC080AF2A4C33B38DAAD0 /* CDVOrientation.m */ = {isa = PBXFileReference; explicitFileType = undefined; fileEncoding = 4; includeInIndex = 0; lastKnownFileType = sourcecode.c.objc; name = CDVOrientation.m; path = "cordova-plugin-screen-orientation/CDVOrientation.m"; sourceTree = "<group>"; };
		ED33DF2A687741AEAF9F8254 /* Bridging-Header.h */ = {isa = PBXFileReference; fileEncoding = 4; lastKnownFileType = sourcecode.c.h; path = "Bridging-Header.h"; sourceTree = "<group>"; };
		EE582F476D64CB3F86D62F71 /* libPods-Uploaded.a */ = {isa = PBXFileReference; explicitFileType = archive.ar; includeInIndex = 0; path = "libPods-Uploaded.a"; sourceTree = BUILT_PRODUCTS_DIR; };
		EF6D1C583589411FB1E98D33 /* CDVWKWebViewUIDelegate.m */ = {isa = PBXFileReference; explicitFileType = undefined; fileEncoding = 4; includeInIndex = 0; lastKnownFileType = sourcecode.c.objc; name = CDVWKWebViewUIDelegate.m; path = "cordova-plugin-ionic-webview/CDVWKWebViewUIDelegate.m"; sourceTree = "<group>"; };
		F800EFDA25F940CD835C69FD /* IONAssetHandler.m */ = {isa = PBXFileReference; explicitFileType = undefined; fileEncoding = 4; includeInIndex = 0; lastKnownFileType = sourcecode.c.objc; name = IONAssetHandler.m; path = "cordova-plugin-ionic-webview/IONAssetHandler.m"; sourceTree = "<group>"; };
		F840E1F0165FE0F500CFE078 /* config.xml */ = {isa = PBXFileReference; lastKnownFileType = text.xml; name = config.xml; path = Uploaded/config.xml; sourceTree = "<group>"; };
		FD42E70C776E4DA791E0DBA4 /* CDVSound.m */ = {isa = PBXFileReference; explicitFileType = undefined; fileEncoding = 4; includeInIndex = 0; lastKnownFileType = sourcecode.c.objc; name = CDVSound.m; path = "cordova-plugin-media/CDVSound.m"; sourceTree = "<group>"; };
		FEA248A1AB65469E82880967 /* CDVWKInAppBrowser.h */ = {isa = PBXFileReference; explicitFileType = undefined; fileEncoding = 4; includeInIndex = 0; lastKnownFileType = sourcecode.c.h; name = CDVWKInAppBrowser.h; path = "cordova-plugin-inappbrowser/CDVWKInAppBrowser.h"; sourceTree = "<group>"; };
/* End PBXFileReference section */

/* Begin PBXFrameworksBuildPhase section */
		1D60588F0D05DD3D006BFB54 /* Frameworks */ = {
			isa = PBXFrameworksBuildPhase;
			buildActionMask = 2147483647;
			files = (
				301BF552109A68D80062928A /* libCordova.a in Frameworks */,
				6255A364F4D64F46B7A9203D /* Security.framework in Frameworks */,
				93167333891C4B7BA8E90778 /* SystemConfiguration.framework in Frameworks */,
				C4E46747D96248B18D9B2D00 /* ImageIO.framework in Frameworks */,
				0A064178EC6043CEBE585A56 /* CoreLocation.framework in Frameworks */,
				460F12E056B44AA8A347D1A7 /* AVFoundation.framework in Frameworks */,
				703A6A59BDD04D97B150EF4C /* WebKit.framework in Frameworks */,
				485EA6D7C854427EA964BAFC /* Social.framework in Frameworks */,
				541634EA854543088E12D2F3 /* MessageUI.framework in Frameworks */,
				AF6EF9C78EE99F4F7333F044 /* libPods-Uploaded.a in Frameworks */,
			);
			runOnlyForDeploymentPostprocessing = 0;
		};
/* End PBXFrameworksBuildPhase section */

/* Begin PBXGroup section */
		080E96DDFE201D6D7F000001 /* Classes */ = {
			isa = PBXGroup;
			children = (
				302D95EE14D2391D003F00A1 /* MainViewController.h */,
				302D95EF14D2391D003F00A1 /* MainViewController.m */,
				302D95F014D2391D003F00A1 /* MainViewController.xib */,
				1D3623240D0F684500981E51 /* AppDelegate.h */,
				1D3623250D0F684500981E51 /* AppDelegate.m */,
			);
			name = Classes;
			path = Uploaded/Classes;
			sourceTree = SOURCE_ROOT;
		};
		19C28FACFE9D520D11CA2CBB /* Products */ = {
			isa = PBXGroup;
			children = (
				1D6058910D05DD3D006BFB54 /* Uploaded.app */,
			);
			name = Products;
			sourceTree = "<group>";
		};
		29B97314FDCFA39411CA2CEA /* CustomTemplate */ = {
			isa = PBXGroup;
			children = (
				EB87FDF41871DAF40020F90C /* config.xml */,
				EB87FDF31871DA8E0020F90C /* www */,
				EB87FDF11871DA420020F90C /* Staging */,
				301BF52D109A57CC0062928A /* CordovaLib.xcodeproj */,
				080E96DDFE201D6D7F000001 /* Classes */,
				307C750510C5A3420062BCA9 /* Plugins */,
				29B97315FDCFA39411CA2CEA /* Other Sources */,
				29B97317FDCFA39411CA2CEA /* Resources */,
				29B97323FDCFA39411CA2CEA /* Frameworks */,
				19C28FACFE9D520D11CA2CBB /* Products */,
				832DDF05C6E9716CB2CB8163 /* Pods */,
			);
			name = CustomTemplate;
			sourceTree = "<group>";
		};
		29B97315FDCFA39411CA2CEA /* Other Sources */ = {
			isa = PBXGroup;
			children = (
				32CA4F630368D1EE00C91783 /* Uploaded-Prefix.pch */,
				29B97316FDCFA39411CA2CEA /* main.m */,
				ED33DF2A687741AEAF9F8254 /* Bridging-Header.h */,
			);
			name = "Other Sources";
			path = Uploaded;
			sourceTree = "<group>";
		};
		29B97317FDCFA39411CA2CEA /* Resources */ = {
			isa = PBXGroup;
			children = (
				0207DA571B56EA530066E2B4 /* Images.xcassets */,
				3047A50E1AB8057F00498E2A /* config */,
				8D1107310486CEB800E47090 /* Uploaded-Info.plist */,
				6AFF5BF81D6E424B00AB3073 /* CDVLaunchScreen.storyboard */,
				B55E9E65068D4F8F8B968F5D /* CDVCapture.bundle */,
			);
			name = Resources;
			path = Uploaded/Resources;
			sourceTree = "<group>";
		};
		29B97323FDCFA39411CA2CEA /* Frameworks */ = {
			isa = PBXGroup;
			children = (
				00520AA4FEA648A8AB93DB30 /* Security.framework */,
				6C1967AD9DA94A85AA79A283 /* SystemConfiguration.framework */,
				6DC46B6C7A564589BEF0AEE1 /* ImageIO.framework */,
				52FFDE13B0C74E05AA04C069 /* CoreLocation.framework */,
				76588948334447F2ACE5CF57 /* AVFoundation.framework */,
				408A122108EB48B3815E1195 /* WebKit.framework */,
				470CA4979D43417F8CEF572E /* Social.framework */,
				1A974989BCE745FAADCEDD27 /* MessageUI.framework */,
				EE582F476D64CB3F86D62F71 /* libPods-Uploaded.a */,
			);
			name = Frameworks;
			sourceTree = "<group>";
		};
		301BF52E109A57CC0062928A /* Products */ = {
			isa = PBXGroup;
			children = (
				301BF535109A57CC0062928A /* libCordova.a */,
				907D8124214C687600058A10 /* Cordova.framework */,
			);
			name = Products;
			sourceTree = "<group>";
		};
		3047A50E1AB8057F00498E2A /* config */ = {
			isa = PBXGroup;
			children = (
				3047A50F1AB8059700498E2A /* build-debug.xcconfig */,
				3047A5101AB8059700498E2A /* build-release.xcconfig */,
				3047A5111AB8059700498E2A /* build.xcconfig */,
			);
			name = config;
			sourceTree = "<group>";
		};
		307C750510C5A3420062BCA9 /* Plugins */ = {
			isa = PBXGroup;
			children = (
				BE38037FE63B45E4838AE48E /* CDVFile.m */,
				9E04E419FEFC498390F3AACD /* CDVLocalFilesystem.m */,
				423E25E1BF8C45C59D912C57 /* CDVAssetLibraryFilesystem.m */,
				17DE1C6A99B341B2B99953A5 /* CDVFile.h */,
				553C35E3CEAC4786BCD0362E /* CDVLocalFilesystem.h */,
				413646D67E0449E0994E9198 /* CDVAssetLibraryFilesystem.h */,
				6BBDDB914DD9402BBC435066 /* CordovaHttpPlugin.m */,
				32344DD4A18C493B823FF3EE /* BinaryResponseSerializer.m */,
				5D52C702AD194D0C8D40A293 /* TextResponseSerializer.m */,
				98261BF1848A4120BFF67F11 /* TextRequestSerializer.m */,
				ADDAECD3552E4AEE801D7AD0 /* AFHTTPSessionManager.m */,
				2497EA55538B47B5A695F08D /* AFNetworkReachabilityManager.m */,
				84FFD4751E9147FC9A6CB166 /* AFSecurityPolicy.m */,
				58E405ED8DB24C95A9D7C6D4 /* AFURLRequestSerialization.m */,
				D2E4545B0D194D7988EB2A5B /* AFURLResponseSerialization.m */,
				1551B6ECD28943AD8410728E /* AFURLSessionManager.m */,
				8177F7B483304A34AB28A673 /* SDNetworkActivityIndicator.m */,
				EB92A2037319430689ADA3A9 /* CordovaHttpPlugin.h */,
				023F6E23805544608E84C68A /* BinaryResponseSerializer.h */,
				EA1383675ACF4CEBB0DA4D83 /* TextResponseSerializer.h */,
				3A3ADA3790F242E0BC37A9EA /* TextRequestSerializer.h */,
				D8A070E6B56B45F39DEFA571 /* AFHTTPSessionManager.h */,
				1BE1A0670FA141C88864E7B6 /* AFNetworking.h */,
				3B6954FFECAE4F498DA96B55 /* AFNetworkReachabilityManager.h */,
				6AE9A9550221461AA0E670C3 /* AFSecurityPolicy.h */,
				28945E45E5494F39BAF9D39D /* AFURLRequestSerialization.h */,
				6B7536A5B73441189A16114B /* AFURLResponseSerialization.h */,
				6CE1D63909A04205A7991089 /* AFURLSessionManager.h */,
				57733F66773B49F884791A3E /* SDNetworkActivityIndicator.h */,
				6962A72C3C544F019F779763 /* UIImage+CropScaleOrientation.m */,
				5E2B7417789A4506BBB448B5 /* CDVCamera.m */,
				C0447ADCBAAC478A8BF62581 /* CDVJpegHeaderWriter.m */,
				32E15EF89AC8495B910A5F8D /* UIImage+CropScaleOrientation.h */,
				A44E743B47894BAAADF7A60E /* CDVCamera.h */,
				CAA5362197C9425DB8CB1D18 /* CDVJpegHeaderWriter.h */,
				82026B23C01C4EDF9FD25077 /* CDVExif.h */,
				9ED60113F82F4FC2B041902C /* CDVDevice.m */,
				615CE0F0029542F8B6B21215 /* CDVDevice.h */,
				C3AD95B42EC648CAA58EA248 /* CDVFileTransfer.m */,
				89DDC291AA664BC9ADDBA8B6 /* CDVFileTransfer.h */,
				D0920F6A827C4F3EB759DA8D /* CDVIonicKeyboard.m */,
				E4E74F7022844779981AE5D0 /* CDVIonicKeyboard.h */,
				15244841D70344849B466A3E /* CDVWKWebViewEngine.m */,
				EF6D1C583589411FB1E98D33 /* CDVWKWebViewUIDelegate.m */,
				D9A281827FC74F559AFFF001 /* CDVWKProcessPoolFactory.m */,
				F800EFDA25F940CD835C69FD /* IONAssetHandler.m */,
				E863F61998C241AFAEF16C2B /* CDVWKWebViewEngine.h */,
				150F2CC57711427AB831078A /* CDVWKWebViewUIDelegate.h */,
				48E11900C10D4C53AA12E004 /* CDVWKProcessPoolFactory.h */,
				82C8507C43694F43BD65F807 /* IONAssetHandler.h */,
				FD42E70C776E4DA791E0DBA4 /* CDVSound.m */,
				7C684A161AA646B8A35FD049 /* CDVSound.h */,
				16020E9CF80F4E0EAFE114E4 /* CDVCapture.m */,
				23DC560C184242B0A06B1289 /* CDVCapture.h */,
				EB280ECE61F64E8986CC9A95 /* CDVSplashScreen.m */,
				3AC68D739F984FD391B3BD67 /* CDVViewController+SplashScreen.m */,
				1258DB664B0D41EEA389EEAC /* CDVSplashScreen.h */,
				87655D2E5DDC4405A0F6F9BA /* CDVViewController+SplashScreen.h */,
				EC8981F18BCF43B287DCCCC5 /* CDVStatusBar.m */,
				DB385B857FD646B49EF4A29B /* CDVStatusBar.h */,
				07A71DDE754A4094823FA620 /* NSString+SSURLEncoding.m */,
				690323FF0FEB49BC9A75F332 /* SocialSharing.m */,
				3D070B5E7489419D8CA7FE38 /* NSString+SSURLEncoding.h */,
				6063FAFFD0D74446A8D1C566 /* SocialSharing.h */,
				7BCF5A2BA75D4023812E82E4 /* SQLitePlugin.m */,
				E37DA82B12A342468C324326 /* PSPDFThreadSafeMutableDictionary.m */,
				3C1DDE0D55EF48DE9814AE3F /* sqlite3.c */,
				77FAC8831E9E4B34A68A05E4 /* SQLitePlugin.h */,
				070F64ABC99941F296B3D3B7 /* PSPDFThreadSafeMutableDictionary.h */,
				D4C72113E6F245B08E2DFE08 /* sqlite3.h */,
				DE2BE609554D47A8A2A127B0 /* OneSignalPush.m */,
				89413CC42D624BB2AEE8F42A /* OneSignalPush.h */,
				0999586D2E9247F5B299DE01 /* CDVInAppBrowser.m */,
				BE6EDF8697884C789F70F107 /* CDVInAppBrowserOptions.m */,
				252E3143C7A84826BAF2DB17 /* CDVInAppBrowserNavigationController.m */,
				E0C91F32A4844E6DA5EF3D22 /* CDVUIInAppBrowser.m */,
				77832813B37A493EA79932CE /* CDVWKInAppBrowser.m */,
				3BFDD681841540D68630C4A7 /* CDVWKInAppBrowserUIDelegate.m */,
				DB505E88B7454809995CA1A9 /* CDVInAppBrowser.h */,
				C447BEC07C2542AB97E516BA /* CDVInAppBrowserOptions.h */,
				0FE91C68A3114CCFA9352365 /* CDVInAppBrowserNavigationController.h */,
				623D27948DF74AB9A112BB68 /* CDVUIInAppBrowser.h */,
				FEA248A1AB65469E82880967 /* CDVWKInAppBrowser.h */,
				33DE6975CF4B4575B1AE67D8 /* CDVWKInAppBrowserUIDelegate.h */,
				ED1CC080AF2A4C33B38DAAD0 /* CDVOrientation.m */,
				D5F3A0A9BD80498DB168602A /* CDVOrientation.h */,
			);
			name = Plugins;
			path = Uploaded/Plugins;
			sourceTree = SOURCE_ROOT;
		};
		832DDF05C6E9716CB2CB8163 /* Pods */ = {
			isa = PBXGroup;
			children = (
				218E4579D4FAFC6B28669838 /* Pods-Uploaded.debug.xcconfig */,
				50E1BF16D0C9CA2DE45ECC1F /* Pods-Uploaded.release.xcconfig */,
			);
			path = Pods;
			sourceTree = "<group>";
		};
		EB87FDF11871DA420020F90C /* Staging */ = {
			isa = PBXGroup;
			children = (
				F840E1F0165FE0F500CFE078 /* config.xml */,
				301BF56E109A69640062928A /* www */,
			);
			name = Staging;
			sourceTree = "<group>";
		};
/* End PBXGroup section */

/* Begin PBXNativeTarget section */
		1D6058900D05DD3D006BFB54 /* Uploaded */ = {
			isa = PBXNativeTarget;
			buildConfigurationList = 1D6058960D05DD3E006BFB54 /* Build configuration list for PBXNativeTarget "Uploaded" */;
			buildPhases = (
				9A0324BCF3BCF7BD39A94878 /* [CP] Check Pods Manifest.lock */,
				304B58A110DAC018002A0835 /* Copy www directory */,
				1D60588D0D05DD3D006BFB54 /* Resources */,
				1D60588E0D05DD3D006BFB54 /* Sources */,
				1D60588F0D05DD3D006BFB54 /* Frameworks */,
			);
			buildRules = (
			);
			dependencies = (
				301BF551109A68C00062928A /* PBXTargetDependency */,
			);
			name = Uploaded;
			productName = Uploaded;
			productReference = 1D6058910D05DD3D006BFB54 /* Uploaded.app */;
			productType = "com.apple.product-type.application";
		};
/* End PBXNativeTarget section */

/* Begin PBXProject section */
		29B97313FDCFA39411CA2CEA /* Project object */ = {
			isa = PBXProject;
			attributes = {
				LastUpgradeCheck = 510;
				TargetAttributes = {
					1D6058900D05DD3D006BFB54 = {
						DevelopmentTeam = YPRGGT587B;
						ProvisioningStyle = Automatic;
					};
				};
			};
			buildConfigurationList = C01FCF4E08A954540054247B /* Build configuration list for PBXProject "Uploaded" */;
			compatibilityVersion = "Xcode 3.2";
			developmentRegion = English;
			hasScannedForEncodings = 1;
			knownRegions = (
				English,
				en,
				Base,
			);
			mainGroup = 29B97314FDCFA39411CA2CEA /* CustomTemplate */;
			productRefGroup = 19C28FACFE9D520D11CA2CBB /* Products */;
			projectDirPath = "";
			projectReferences = (
				{
					ProductGroup = 301BF52E109A57CC0062928A /* Products */;
					ProjectRef = 301BF52D109A57CC0062928A /* CordovaLib.xcodeproj */;
				},
			);
			projectRoot = "";
			targets = (
				1D6058900D05DD3D006BFB54 /* Uploaded */,
			);
		};
/* End PBXProject section */

/* Begin PBXReferenceProxy section */
		301BF535109A57CC0062928A /* libCordova.a */ = {
			isa = PBXReferenceProxy;
			fileType = archive.ar;
			path = libCordova.a;
			remoteRef = 301BF534109A57CC0062928A /* PBXContainerItemProxy */;
			sourceTree = BUILT_PRODUCTS_DIR;
		};
		907D8124214C687600058A10 /* Cordova.framework */ = {
			isa = PBXReferenceProxy;
			fileType = wrapper.framework;
			path = Cordova.framework;
			remoteRef = 907D8123214C687600058A10 /* PBXContainerItemProxy */;
			sourceTree = BUILT_PRODUCTS_DIR;
		};
/* End PBXReferenceProxy section */

/* Begin PBXResourcesBuildPhase section */
		1D60588D0D05DD3D006BFB54 /* Resources */ = {
			isa = PBXResourcesBuildPhase;
			buildActionMask = 2147483647;
			files = (
				302D95F214D2391D003F00A1 /* MainViewController.xib in Resources */,
				0207DA581B56EA530066E2B4 /* Images.xcassets in Resources */,
				6AFF5BF91D6E424B00AB3073 /* CDVLaunchScreen.storyboard in Resources */,
				6BD5026A33D847098413846D /* CDVCapture.bundle in Resources */,
			);
			runOnlyForDeploymentPostprocessing = 0;
		};
/* End PBXResourcesBuildPhase section */

/* Begin PBXShellScriptBuildPhase section */
		304B58A110DAC018002A0835 /* Copy www directory */ = {
			isa = PBXShellScriptBuildPhase;
			buildActionMask = 2147483647;
			files = (
			);
			inputPaths = (
			);
			name = "Copy www directory";
			outputPaths = (
			);
			runOnlyForDeploymentPostprocessing = 0;
			shellPath = /bin/sh;
			shellScript = "\"$SRCROOT/Uploaded/Scripts/copy-www-build-step.sh\"";
			showEnvVarsInLog = 0;
		};
		9A0324BCF3BCF7BD39A94878 /* [CP] Check Pods Manifest.lock */ = {
			isa = PBXShellScriptBuildPhase;
			buildActionMask = 2147483647;
			files = (
			);
			inputFileListPaths = (
			);
			inputPaths = (
				"${PODS_PODFILE_DIR_PATH}/Podfile.lock",
				"${PODS_ROOT}/Manifest.lock",
			);
			name = "[CP] Check Pods Manifest.lock";
			outputFileListPaths = (
			);
			outputPaths = (
				"$(DERIVED_FILE_DIR)/Pods-Uploaded-checkManifestLockResult.txt",
			);
			runOnlyForDeploymentPostprocessing = 0;
			shellPath = /bin/sh;
			shellScript = "diff \"${PODS_PODFILE_DIR_PATH}/Podfile.lock\" \"${PODS_ROOT}/Manifest.lock\" > /dev/null\nif [ $? != 0 ] ; then\n    # print error to STDERR\n    echo \"error: The sandbox is not in sync with the Podfile.lock. Run 'pod install' or update your CocoaPods installation.\" >&2\n    exit 1\nfi\n# This output is used by Xcode 'outputs' to avoid re-running this script phase.\necho \"SUCCESS\" > \"${SCRIPT_OUTPUT_FILE_0}\"\n";
			showEnvVarsInLog = 0;
		};
/* End PBXShellScriptBuildPhase section */

/* Begin PBXSourcesBuildPhase section */
		1D60588E0D05DD3D006BFB54 /* Sources */ = {
			isa = PBXSourcesBuildPhase;
			buildActionMask = 2147483647;
			files = (
				1D60589B0D05DD56006BFB54 /* main.m in Sources */,
				1D3623260D0F684500981E51 /* AppDelegate.m in Sources */,
				302D95F114D2391D003F00A1 /* MainViewController.m in Sources */,
				659A12AF33FB488A91B99BA7 /* CDVFile.m in Sources */,
				7A3D43110B5841F59ACA4314 /* CDVLocalFilesystem.m in Sources */,
				3D322D8ED5D445EAB52F913E /* CDVAssetLibraryFilesystem.m in Sources */,
				1E0362E3C70B491994077A4E /* CordovaHttpPlugin.m in Sources */,
				F7B35185118345D8B3C33C38 /* BinaryResponseSerializer.m in Sources */,
				8C9ECF6ABF1E4046BB73BEBF /* TextResponseSerializer.m in Sources */,
				C158258274314D7EBEFE5F79 /* TextRequestSerializer.m in Sources */,
				2C6FED3F50D249898D470731 /* AFHTTPSessionManager.m in Sources */,
				5E53D181E738493DA9F4327E /* AFNetworkReachabilityManager.m in Sources */,
				D808DC8B300A43A9B0BAF59E /* AFSecurityPolicy.m in Sources */,
				3CDB12AFBD7640C08D381AD0 /* AFURLRequestSerialization.m in Sources */,
				D4E405E6E1084771819DF4B2 /* AFURLResponseSerialization.m in Sources */,
				0A905517F283412CA1D33CE3 /* AFURLSessionManager.m in Sources */,
				2F775D0C74ED45D8BEEE2E17 /* SDNetworkActivityIndicator.m in Sources */,
				DB8C314A796343A0A911190E /* UIImage+CropScaleOrientation.m in Sources */,
				908259EAC7DC499996A2B8E1 /* CDVCamera.m in Sources */,
				7F98444BEC5241DF9DD353FE /* CDVJpegHeaderWriter.m in Sources */,
				EDBA730965674CEBB2183B4F /* CDVDevice.m in Sources */,
				53889FDBCBE440699F88B9D2 /* CDVFileTransfer.m in Sources */,
				C1A7A85D6E0A409AB33851EE /* CDVIonicKeyboard.m in Sources */,
				7EE6B2E862DC43908B6E7630 /* CDVWKWebViewEngine.m in Sources */,
				ACBE84486C51444993B5761C /* CDVWKWebViewUIDelegate.m in Sources */,
				1E590E5AD1AA4DA0AE181D65 /* CDVWKProcessPoolFactory.m in Sources */,
				4EC0E1A34FE24067BF6CE7FB /* IONAssetHandler.m in Sources */,
				5DEF57A4B04D4F8788C5EE84 /* CDVSound.m in Sources */,
				3A40520376774DAA841A36D2 /* CDVCapture.m in Sources */,
				FF28AB470AB1479A828118B8 /* CDVSplashScreen.m in Sources */,
				5C7E9F3D28E4495B98694276 /* CDVViewController+SplashScreen.m in Sources */,
				EC79AB26523345D28B38542F /* CDVStatusBar.m in Sources */,
				87980B22F8384FE3A62AD369 /* NSString+SSURLEncoding.m in Sources */,
				BC7B1F0F7ACB405F8970B5FD /* SocialSharing.m in Sources */,
				5F8C5268D23C436F9628545C /* SQLitePlugin.m in Sources */,
				7118B0A60D6D4CDC8FC10D12 /* PSPDFThreadSafeMutableDictionary.m in Sources */,
				66001456BF6D430498A0406F /* sqlite3.c in Sources */,
				1D4BCB7EF29F4CB2A6154A03 /* OneSignalPush.m in Sources */,
				74A97F4C42524524A5396FE0 /* CDVInAppBrowser.m in Sources */,
				4ED319A9351B4E68AF24EC92 /* CDVInAppBrowserOptions.m in Sources */,
				2D0E5D1B8279477F90993679 /* CDVInAppBrowserNavigationController.m in Sources */,
				301D1B95E2DC49C6A9D654C6 /* CDVUIInAppBrowser.m in Sources */,
				CBC3B7EA1E1D4E60B2A7C84B /* CDVWKInAppBrowser.m in Sources */,
				AC7D6F1F795D4D7D82E3CBC3 /* CDVWKInAppBrowserUIDelegate.m in Sources */,
				86DA04BED2314E50AB774DA7 /* CDVOrientation.m in Sources */,
			);
			runOnlyForDeploymentPostprocessing = 0;
		};
/* End PBXSourcesBuildPhase section */

/* Begin PBXTargetDependency section */
		301BF551109A68C00062928A /* PBXTargetDependency */ = {
			isa = PBXTargetDependency;
			name = CordovaLib;
			targetProxy = 301BF550109A68C00062928A /* PBXContainerItemProxy */;
		};
/* End PBXTargetDependency section */

/* Begin XCBuildConfiguration section */
		1D6058940D05DD3E006BFB54 /* Debug */ = {
			isa = XCBuildConfiguration;
			baseConfigurationReference = 3047A50F1AB8059700498E2A /* build-debug.xcconfig */;
			buildSettings = {
				ALWAYS_SEARCH_USER_PATHS = NO;
				ASSETCATALOG_COMPILER_APPICON_NAME = AppIcon;
				ASSETCATALOG_COMPILER_LAUNCHIMAGE_NAME = LaunchImage;
				CLANG_ENABLE_MODULES = YES;
				CLANG_ENABLE_OBJC_ARC = YES;
				CODE_SIGN_IDENTITY = "iPhone Developer";
				COPY_PHASE_STRIP = NO;
				CURRENT_PROJECT_VERSION = 0.0.4;
				DEVELOPMENT_TEAM = YPRGGT587B;
				GCC_DYNAMIC_NO_PIC = NO;
				GCC_OPTIMIZATION_LEVEL = 0;
				GCC_PRECOMPILE_PREFIX_HEADER = YES;
				GCC_PREFIX_HEADER = "Uploaded/Uploaded-Prefix.pch";
				GCC_THUMB_SUPPORT = NO;
				GCC_VERSION = "";
				INFOPLIST_FILE = "Uploaded/Uploaded-Info.plist";
				IPHONEOS_DEPLOYMENT_TARGET = 11.0;
				LD_RUNPATH_SEARCH_PATHS = "@executable_path/Frameworks";
				MARKETING_VERSION = 0.0.4;
				PRODUCT_BUNDLE_IDENTIFIER = uploaded.uploaded;
				PRODUCT_NAME = "$(TARGET_NAME)";
				TARGETED_DEVICE_FAMILY = "1,2";
			};
			name = Debug;
		};
		1D6058950D05DD3E006BFB54 /* Release */ = {
			isa = XCBuildConfiguration;
			baseConfigurationReference = 3047A5101AB8059700498E2A /* build-release.xcconfig */;
			buildSettings = {
				ALWAYS_SEARCH_USER_PATHS = NO;
				ASSETCATALOG_COMPILER_APPICON_NAME = AppIcon;
				ASSETCATALOG_COMPILER_LAUNCHIMAGE_NAME = LaunchImage;
				CLANG_ENABLE_MODULES = YES;
				CLANG_ENABLE_OBJC_ARC = YES;
				CODE_SIGN_IDENTITY = "iPhone Developer";
				COPY_PHASE_STRIP = YES;
				CURRENT_PROJECT_VERSION = 0.0.4;
				DEVELOPMENT_TEAM = YPRGGT587B;
				GCC_PRECOMPILE_PREFIX_HEADER = YES;
				GCC_PREFIX_HEADER = "Uploaded/Uploaded-Prefix.pch";
				GCC_THUMB_SUPPORT = NO;
				GCC_VERSION = "";
				INFOPLIST_FILE = "Uploaded/Uploaded-Info.plist";
				IPHONEOS_DEPLOYMENT_TARGET = 11.0;
				LD_RUNPATH_SEARCH_PATHS = "@executable_path/Frameworks";
				MARKETING_VERSION = 0.0.4;
				PRODUCT_BUNDLE_IDENTIFIER = uploaded.uploaded;
				PRODUCT_NAME = "$(TARGET_NAME)";
				TARGETED_DEVICE_FAMILY = "1,2";
			};
			name = Release;
		};
		C01FCF4F08A954540054247B /* Debug */ = {
			isa = XCBuildConfiguration;
			baseConfigurationReference = 3047A5111AB8059700498E2A /* build.xcconfig */;
			buildSettings = {
				CLANG_ENABLE_MODULES = YES;
				CLANG_ENABLE_OBJC_ARC = YES;
				CLANG_WARN_BLOCK_CAPTURE_AUTORELEASING = YES;
				CLANG_WARN_BOOL_CONVERSION = YES;
				CLANG_WARN_COMMA = YES;
				CLANG_WARN_CONSTANT_CONVERSION = YES;
				CLANG_WARN_DEPRECATED_OBJC_IMPLEMENTATIONS = YES;
				CLANG_WARN_EMPTY_BODY = YES;
				CLANG_WARN_ENUM_CONVERSION = YES;
				CLANG_WARN_INFINITE_RECURSION = YES;
				CLANG_WARN_INT_CONVERSION = YES;
				CLANG_WARN_NON_LITERAL_NULL_CONVERSION = YES;
				CLANG_WARN_OBJC_IMPLICIT_RETAIN_SELF = YES;
				CLANG_WARN_OBJC_LITERAL_CONVERSION = YES;
				CLANG_WARN_RANGE_LOOP_ANALYSIS = YES;
				CLANG_WARN_STRICT_PROTOTYPES = YES;
				CLANG_WARN_SUSPICIOUS_MOVE = YES;
				CLANG_WARN_UNREACHABLE_CODE = YES;
				CLANG_WARN__DUPLICATE_METHOD_MATCH = YES;
				ENABLE_STRICT_OBJC_MSGSEND = YES;
				ENABLE_TESTABILITY = YES;
				GCC_C_LANGUAGE_STANDARD = c99;
				GCC_NO_COMMON_BLOCKS = YES;
				GCC_THUMB_SUPPORT = NO;
				GCC_VERSION = "";
				GCC_WARN_64_TO_32_BIT_CONVERSION = YES;
				GCC_WARN_ABOUT_RETURN_TYPE = YES;
				GCC_WARN_UNDECLARED_SELECTOR = YES;
				GCC_WARN_UNINITIALIZED_AUTOS = YES;
				GCC_WARN_UNUSED_FUNCTION = YES;
				GCC_WARN_UNUSED_VARIABLE = YES;
				IPHONEOS_DEPLOYMENT_TARGET = 11.0;
				ONLY_ACTIVE_ARCH = YES;
				PRODUCT_BUNDLE_IDENTIFIER = uploaded.uploaded;
				SDKROOT = iphoneos;
				SKIP_INSTALL = NO;
				WK_WEB_VIEW_ONLY = 0;
			};
			name = Debug;
		};
		C01FCF5008A954540054247B /* Release */ = {
			isa = XCBuildConfiguration;
			baseConfigurationReference = 3047A5111AB8059700498E2A /* build.xcconfig */;
			buildSettings = {
				CLANG_ENABLE_MODULES = YES;
				CLANG_ENABLE_OBJC_ARC = YES;
				CLANG_WARN_BLOCK_CAPTURE_AUTORELEASING = YES;
				CLANG_WARN_BOOL_CONVERSION = YES;
				CLANG_WARN_COMMA = YES;
				CLANG_WARN_CONSTANT_CONVERSION = YES;
				CLANG_WARN_DEPRECATED_OBJC_IMPLEMENTATIONS = YES;
				CLANG_WARN_EMPTY_BODY = YES;
				CLANG_WARN_ENUM_CONVERSION = YES;
				CLANG_WARN_INFINITE_RECURSION = YES;
				CLANG_WARN_INT_CONVERSION = YES;
				CLANG_WARN_NON_LITERAL_NULL_CONVERSION = YES;
				CLANG_WARN_OBJC_IMPLICIT_RETAIN_SELF = YES;
				CLANG_WARN_OBJC_LITERAL_CONVERSION = YES;
				CLANG_WARN_RANGE_LOOP_ANALYSIS = YES;
				CLANG_WARN_STRICT_PROTOTYPES = YES;
				CLANG_WARN_SUSPICIOUS_MOVE = YES;
				CLANG_WARN_UNREACHABLE_CODE = YES;
				CLANG_WARN__DUPLICATE_METHOD_MATCH = YES;
				ENABLE_STRICT_OBJC_MSGSEND = YES;
				GCC_C_LANGUAGE_STANDARD = c99;
				GCC_NO_COMMON_BLOCKS = YES;
				GCC_THUMB_SUPPORT = NO;
				GCC_VERSION = "";
				GCC_WARN_64_TO_32_BIT_CONVERSION = YES;
				GCC_WARN_ABOUT_RETURN_TYPE = YES;
				GCC_WARN_UNDECLARED_SELECTOR = YES;
				GCC_WARN_UNINITIALIZED_AUTOS = YES;
				GCC_WARN_UNUSED_FUNCTION = YES;
				GCC_WARN_UNUSED_VARIABLE = YES;
				IPHONEOS_DEPLOYMENT_TARGET = 11.0;
				PRODUCT_BUNDLE_IDENTIFIER = uploaded.uploaded;
				SDKROOT = iphoneos;
				SKIP_INSTALL = NO;
				WK_WEB_VIEW_ONLY = 0;
			};
			name = Release;
		};
/* End XCBuildConfiguration section */

/* Begin XCConfigurationList section */
		1D6058960D05DD3E006BFB54 /* Build configuration list for PBXNativeTarget "Uploaded" */ = {
			isa = XCConfigurationList;
			buildConfigurations = (
				1D6058940D05DD3E006BFB54 /* Debug */,
				1D6058950D05DD3E006BFB54 /* Release */,
			);
			defaultConfigurationIsVisible = 0;
			defaultConfigurationName = Release;
		};
		C01FCF4E08A954540054247B /* Build configuration list for PBXProject "Uploaded" */ = {
			isa = XCConfigurationList;
			buildConfigurations = (
				C01FCF4F08A954540054247B /* Debug */,
				C01FCF5008A954540054247B /* Release */,
			);
			defaultConfigurationIsVisible = 0;
			defaultConfigurationName = Release;
		};
/* End XCConfigurationList section */
	};
	rootObject = 29B97313FDCFA39411CA2CEA /* Project object */;
}
